
Microsoft Visual Studio Solution File, Format Version 12.00
# Visual Studio Version 17
VisualStudioVersion = 17.1.32127.271
MinimumVisualStudioVersion = 10.0.40219.1
Project("{9A19103F-16F7-4668-BE54-9A1E7A4F7556}") = "IUR_P05_template", "IUR_P05_template.csproj", "{669D9D74-B0F9-48F0-B437-A553AB457FE5}"
EndProject
Global
	GlobalSection(SolutionConfigurationPlatforms) = preSolution
		Debug|Any CPU = Debug|Any CPU
		Release|Any CPU = Release|Any CPU
	EndGlobalSection
	GlobalSection(ProjectConfigurationPlatforms) = postSolution
		{669D9D74-B0F9-48F0-B437-A553AB457FE5}.Debug|Any CPU.ActiveCfg = Debug|Any CPU
		{669D9D74-B0F9-48F0-B437-A553AB457FE5}.Debug|Any CPU.Build.0 = Debug|Any CPU
		{669D9D74-B0F9-48F0-B437-A553AB457FE5}.Release|Any CPU.ActiveCfg = Release|Any CPU
		{669D9D74-B0F9-48F0-B437-A553AB457FE5}.Release|Any CPU.Build.0 = Release|Any CPU
	EndGlobalSection
	GlobalSection(SolutionProperties) = preSolution
		HideSolutionNode = FALSE
	EndGlobalSection
	GlobalSection(ExtensibilityGlobals) = postSolution
		SolutionGuid = {6AA4A26F-7301-4F13-99C0-B010286B7AD1}
	EndGlobalSection
EndGlobal
